
Microsoft Visual Studio Solution File, Format Version 12.00
# Visual Studio Version 16
VisualStudioVersion = 25.0.1706.4
MinimumVisualStudioVersion = 10.0.40219.1
Project("{FAE04EC0-301F-11D3-BF4B-00C04F79EFBC}") = "Mongo_Db_Project", "Mongo_Db_Project\Mongo_Db_Project.csproj", "{730735E3-D34C-43DF-AC13-05B80B8D9D04}"
EndProject
Global
	GlobalSection(SolutionConfigurationPlatforms) = preSolution
		Debug|Any CPU = Debug|Any CPU
		Release|Any CPU = Release|Any CPU
	EndGlobalSection
	GlobalSection(ProjectConfigurationPlatforms) = postSolution
		{730735E3-D34C-43DF-AC13-05B80B8D9D04}.Debug|Any CPU.ActiveCfg = Debug|Any CPU
		{730735E3-D34C-43DF-AC13-05B80B8D9D04}.Debug|Any CPU.Build.0 = Debug|Any CPU
		{730735E3-D34C-43DF-AC13-05B80B8D9D04}.Release|Any CPU.ActiveCfg = Release|Any CPU
		{730735E3-D34C-43DF-AC13-05B80B8D9D04}.Release|Any CPU.Build.0 = Release|Any CPU
	EndGlobalSection
	GlobalSection(SolutionProperties) = preSolution
		HideSolutionNode = FALSE
	EndGlobalSection
	GlobalSection(ExtensibilityGlobals) = postSolution
		SolutionGuid = {F5D1B87C-7DF0-4C16-ADD3-A7198B84FBE6}
	EndGlobalSection
EndGlobal
